{
  "name": "functions",
  "lockfileVersion": 3,
  "requires": true,
  "packages": {
    "": {
      "dependencies": {
        "nodemailer": "^7.0.6",
        "rate-limiter-flexible": "^8.0.1"
      }
    },
    "node_modules/nodemailer": {
      "version": "7.0.6",
      "resolved": "https://registry.npmjs.org/nodemailer/-/nodemailer-7.0.6.tgz",
      "integrity": "sha512-F44uVzgwo49xboqbFgBGkRaiMgtoBrBEWCVincJPK9+S9Adkzt/wXCLKbf7dxucmxfTI5gHGB+bEmdyzN6QKjw==",
      "license": "MIT-0",
      "engines": {
        "node": ">=6.0.0"
      }
    },
    "node_modules/rate-limiter-flexible": {
      "version": "8.0.1",
      "resolved": "https://registry.npmjs.org/rate-limiter-flexible/-/rate-limiter-flexible-8.0.1.tgz",
      "integrity": "sha512-UVJdIvGYUDGH9+f3e63dIyOB1wxCLC9CSH09eXLohENGAsxY9PTwI2uJgY6Kj0ULf7x1Aq4FZIGvhJHXJTbdSQ==",
      "license": "ISC"
    }
  }
}
